
Microsoft Visual Studio Solution File, Format Version 12.00
# Visual Studio Version 16
VisualStudioVersion = 16.0.31205.134
MinimumVisualStudioVersion = 10.0.40219.1
Project("{9A19103F-16F7-4668-BE54-9A1E7A4F7556}") = "TNB_API_EXTERNAL", "TNB_API_EXTERNAL\TNB_API_EXTERNAL.csproj", "{15BFEEE8-ABA1-4648-8482-F313F5EB9746}"
EndProject
Project("{9A19103F-16F7-4668-BE54-9A1E7A4F7556}") = "TNB_API.Enum", "TNB_API.Enum\TNB_API.Enum.csproj", "{923462D5-9AC8-496B-9344-48BADE1CBB96}"
EndProject
Project("{9A19103F-16F7-4668-BE54-9A1E7A4F7556}") = "TNB_API.DAL", "TNB_API.DAL\TNB_API.DAL.csproj", "{02E30C46-DE5F-48D9-BD90-652B7F963259}"
EndProject
Project("{9A19103F-16F7-4668-BE54-9A1E7A4F7556}") = "TNB_API.Core", "TNB_API.Core\TNB_API.Core.csproj", "{9759EFB5-F0F8-4E21-AE6B-D3FFCA088C48}"
EndProject
Project("{9A19103F-16F7-4668-BE54-9A1E7A4F7556}") = "ServiceModels", "ServiceModels\ServiceModels.csproj", "{FD297B93-7011-47C2-9904-31F908C68F61}"
EndProject
Global
	GlobalSection(SolutionConfigurationPlatforms) = preSolution
		Debug|Any CPU = Debug|Any CPU
		Release|Any CPU = Release|Any CPU
	EndGlobalSection
	GlobalSection(ProjectConfigurationPlatforms) = postSolution
		{15BFEEE8-ABA1-4648-8482-F313F5EB9746}.Debug|Any CPU.ActiveCfg = Debug|Any CPU
		{15BFEEE8-ABA1-4648-8482-F313F5EB9746}.Debug|Any CPU.Build.0 = Debug|Any CPU
		{15BFEEE8-ABA1-4648-8482-F313F5EB9746}.Release|Any CPU.ActiveCfg = Release|Any CPU
		{15BFEEE8-ABA1-4648-8482-F313F5EB9746}.Release|Any CPU.Build.0 = Release|Any CPU
		{923462D5-9AC8-496B-9344-48BADE1CBB96}.Debug|Any CPU.ActiveCfg = Debug|Any CPU
		{923462D5-9AC8-496B-9344-48BADE1CBB96}.Debug|Any CPU.Build.0 = Debug|Any CPU
		{923462D5-9AC8-496B-9344-48BADE1CBB96}.Release|Any CPU.ActiveCfg = Release|Any CPU
		{923462D5-9AC8-496B-9344-48BADE1CBB96}.Release|Any CPU.Build.0 = Release|Any CPU
		{02E30C46-DE5F-48D9-BD90-652B7F963259}.Debug|Any CPU.ActiveCfg = Debug|Any CPU
		{02E30C46-DE5F-48D9-BD90-652B7F963259}.Debug|Any CPU.Build.0 = Debug|Any CPU
		{02E30C46-DE5F-48D9-BD90-652B7F963259}.Release|Any CPU.ActiveCfg = Release|Any CPU
		{02E30C46-DE5F-48D9-BD90-652B7F963259}.Release|Any CPU.Build.0 = Release|Any CPU
		{9759EFB5-F0F8-4E21-AE6B-D3FFCA088C48}.Debug|Any CPU.ActiveCfg = Debug|Any CPU
		{9759EFB5-F0F8-4E21-AE6B-D3FFCA088C48}.Debug|Any CPU.Build.0 = Debug|Any CPU
		{9759EFB5-F0F8-4E21-AE6B-D3FFCA088C48}.Release|Any CPU.ActiveCfg = Release|Any CPU
		{9759EFB5-F0F8-4E21-AE6B-D3FFCA088C48}.Release|Any CPU.Build.0 = Release|Any CPU
		{FD297B93-7011-47C2-9904-31F908C68F61}.Debug|Any CPU.ActiveCfg = Debug|Any CPU
		{FD297B93-7011-47C2-9904-31F908C68F61}.Debug|Any CPU.Build.0 = Debug|Any CPU
		{FD297B93-7011-47C2-9904-31F908C68F61}.Release|Any CPU.ActiveCfg = Release|Any CPU
		{FD297B93-7011-47C2-9904-31F908C68F61}.Release|Any CPU.Build.0 = Release|Any CPU
	EndGlobalSection
	GlobalSection(SolutionProperties) = preSolution
		HideSolutionNode = FALSE
	EndGlobalSection
	GlobalSection(ExtensibilityGlobals) = postSolution
		SolutionGuid = {E68679CE-967C-44E5-BB02-D67AFB09D904}
	EndGlobalSection
EndGlobal
